
Microsoft Visual Studio Solution File, Format Version 12.00
# Visual Studio Version 17
VisualStudioVersion = 17.0.32014.148
MinimumVisualStudioVersion = 10.0.40219.1
Project("{9A19103F-16F7-4668-BE54-9A1E7A4F7556}") = "SdkFollowizeNet", "SdkFollowizeNet\SdkFollowizeNet.csproj", "{A204505C-52FD-4A87-BCC2-3FE8ED11B889}"
EndProject
Project("{9A19103F-16F7-4668-BE54-9A1E7A4F7556}") = "SdkFollowizeNet_Teste", "SdkFollowizeNet_Teste\SdkFollowizeNet_Teste.csproj", "{2BC0E7F0-F11D-4C4F-A34A-185D4832FE2A}"
EndProject
Global
	GlobalSection(SolutionConfigurationPlatforms) = preSolution
		Debug|Any CPU = Debug|Any CPU
		Release|Any CPU = Release|Any CPU
	EndGlobalSection
	GlobalSection(ProjectConfigurationPlatforms) = postSolution
		{A204505C-52FD-4A87-BCC2-3FE8ED11B889}.Debug|Any CPU.ActiveCfg = Debug|Any CPU
		{A204505C-52FD-4A87-BCC2-3FE8ED11B889}.Debug|Any CPU.Build.0 = Debug|Any CPU
		{A204505C-52FD-4A87-BCC2-3FE8ED11B889}.Release|Any CPU.ActiveCfg = Release|Any CPU
		{A204505C-52FD-4A87-BCC2-3FE8ED11B889}.Release|Any CPU.Build.0 = Release|Any CPU
		{2BC0E7F0-F11D-4C4F-A34A-185D4832FE2A}.Debug|Any CPU.ActiveCfg = Debug|Any CPU
		{2BC0E7F0-F11D-4C4F-A34A-185D4832FE2A}.Debug|Any CPU.Build.0 = Debug|Any CPU
		{2BC0E7F0-F11D-4C4F-A34A-185D4832FE2A}.Release|Any CPU.ActiveCfg = Release|Any CPU
		{2BC0E7F0-F11D-4C4F-A34A-185D4832FE2A}.Release|Any CPU.Build.0 = Release|Any CPU
	EndGlobalSection
	GlobalSection(SolutionProperties) = preSolution
		HideSolutionNode = FALSE
	EndGlobalSection
	GlobalSection(ExtensibilityGlobals) = postSolution
		SolutionGuid = {1C7817E3-CFDB-4E7C-9F4A-1C90F2B34D56}
	EndGlobalSection
EndGlobal
